
Microsoft Visual Studio Solution File, Format Version 12.00
# Visual Studio 15
VisualStudioVersion = 15.0.27703.2042
MinimumVisualStudioVersion = 10.0.40219.1
Project("{FAE04EC0-301F-11D3-BF4B-00C04F79EFBC}") = "LogIN_Project", "LogIN_Project\LogIN_Project.csproj", "{8B8A04B1-51E9-44F3-AC8C-103A2CD55B64}"
EndProject
Global
	GlobalSection(SolutionConfigurationPlatforms) = preSolution
		Debug|Any CPU = Debug|Any CPU
		Release|Any CPU = Release|Any CPU
	EndGlobalSection
	GlobalSection(ProjectConfigurationPlatforms) = postSolution
		{8B8A04B1-51E9-44F3-AC8C-103A2CD55B64}.Debug|Any CPU.ActiveCfg = Debug|Any CPU
		{8B8A04B1-51E9-44F3-AC8C-103A2CD55B64}.Debug|Any CPU.Build.0 = Debug|Any CPU
		{8B8A04B1-51E9-44F3-AC8C-103A2CD55B64}.Release|Any CPU.ActiveCfg = Release|Any CPU
		{8B8A04B1-51E9-44F3-AC8C-103A2CD55B64}.Release|Any CPU.Build.0 = Release|Any CPU
	EndGlobalSection
	GlobalSection(SolutionProperties) = preSolution
		HideSolutionNode = FALSE
	EndGlobalSection
	GlobalSection(ExtensibilityGlobals) = postSolution
		SolutionGuid = {BF5388A9-27D4-4D7B-BB6A-0CC5C78AE286}
	EndGlobalSection
EndGlobal
